// !$*UTF8*$!
{
	archiveVersion = 1;
	classes = {
	};
	objectVersion = 55;
	objects = {

/* Begin PBXBuildFile section */
		DB12C9F527AACDC4006FDF51 /* AppDelegate.swift in Sources */ = {isa = PBXBuildFile; fileRef = DB12C9F427AACDC4006FDF51 /* AppDelegate.swift */; };
		DB12C9F727AACDC4006FDF51 /* SceneDelegate.swift in Sources */ = {isa = PBXBuildFile; fileRef = DB12C9F627AACDC4006FDF51 /* SceneDelegate.swift */; };
		DB12C9F927AACDC4006FDF51 /* ViewController.swift in Sources */ = {isa = PBXBuildFile; fileRef = DB12C9F827AACDC4006FDF51 /* ViewController.swift */; };
		DB12C9FC27AACDC4006FDF51 /* Main.storyboard in Resources */ = {isa = PBXBuildFile; fileRef = DB12C9FA27AACDC4006FDF51 /* Main.storyboard */; };
		DB12C9FE27AACDC7006FDF51 /* Assets.xcassets in Resources */ = {isa = PBXBuildFile; fileRef = DB12C9FD27AACDC7006FDF51 /* Assets.xcassets */; };
		DB12CA0127AACDC7006FDF51 /* LaunchScreen.storyboard in Resources */ = {isa = PBXBuildFile; fileRef = DB12C9FF27AACDC7006FDF51 /* LaunchScreen.storyboard */; };
		DB12CA0B27AACE02006FDF51 /* CoinManager.swift in Sources */ = {isa = PBXBuildFile; fileRef = DB12CA0A27AACE02006FDF51 /* CoinManager.swift */; };
		DB12CA0E27AACE19006FDF51 /* CoinData.swift in Sources */ = {isa = PBXBuildFile; fileRef = DB12CA0D27AACE19006FDF51 /* CoinData.swift */; };
/* End PBXBuildFile section */

/* Begin PBXFileReference section */
		DB12C9F127AACDC4006FDF51 /* BTC Tracker.app */ = {isa = PBXFileReference; explicitFileType = wrapper.application; includeInIndex = 0; path = "BTC Tracker.app"; sourceTree = BUILT_PRODUCTS_DIR; };
		DB12C9F427AACDC4006FDF51 /* AppDelegate.swift */ = {isa = PBXFileReference; lastKnownFileType = sourcecode.swift; path = AppDelegate.swift; sourceTree = "<group>"; };
		DB12C9F627AACDC4006FDF51 /* SceneDelegate.swift */ = {isa = PBXFileReference; lastKnownFileType = sourcecode.swift; path = SceneDelegate.swift; sourceTree = "<group>"; };
		DB12C9F827AACDC4006FDF51 /* ViewController.swift */ = {isa = PBXFileReference; lastKnownFileType = sourcecode.swift; path = ViewController.swift; sourceTree = "<group>"; };
		DB12C9FB27AACDC4006FDF51 /* Base */ = {isa = PBXFileReference; lastKnownFileType = file.storyboard; name = Base; path = Base.lproj/Main.storyboard; sourceTree = "<group>"; };
		DB12C9FD27AACDC7006FDF51 /* Assets.xcassets */ = {isa = PBXFileReference; lastKnownFileType = folder.assetcatalog; path = Assets.xcassets; sourceTree = "<group>"; };
		DB12CA0027AACDC7006FDF51 /* Base */ = {isa = PBXFileReference; lastKnownFileType = file.storyboard; name = Base; path = Base.lproj/LaunchScreen.storyboard; sourceTree = "<group>"; };
		DB12CA0227AACDC7006FDF51 /* Info.plist */ = {isa = PBXFileReference; lastKnownFileType = text.plist.xml; path = Info.plist; sourceTree = "<group>"; };
		DB12CA0A27AACE02006FDF51 /* CoinManager.swift */ = {isa = PBXFileReference; lastKnownFileType = sourcecode.swift; path = CoinManager.swift; sourceTree = "<group>"; };
		DB12CA0D27AACE19006FDF51 /* CoinData.swift */ = {isa = PBXFileReference; lastKnownFileType = sourcecode.swift; path = CoinData.swift; sourceTree = "<group>"; };
/* End PBXFileReference section */

/* Begin PBXFrameworksBuildPhase section */
		DB12C9EE27AACDC4006FDF51 /* Frameworks */ = {
			isa = PBXFrameworksBuildPhase;
			buildActionMask = 2147483647;
			files = (
			);
			runOnlyForDeploymentPostprocessing = 0;
		};
/* End PBXFrameworksBuildPhase section */

/* Begin PBXGroup section */
		DB12C9E827AACDC4006FDF51 = {
			isa = PBXGroup;
			children = (
				DB12C9F327AACDC4006FDF51 /* BTC Tracker */,
				DB12C9F227AACDC4006FDF51 /* Products */,
			);
			sourceTree = "<group>";
		};
		DB12C9F227AACDC4006FDF51 /* Products */ = {
			isa = PBXGroup;
			children = (
				DB12C9F127AACDC4006FDF51 /* BTC Tracker.app */,
			);
			name = Products;
			sourceTree = "<group>";
		};
		DB12C9F327AACDC4006FDF51 /* BTC Tracker */ = {
			isa = PBXGroup;
			children = (
				DB12C9F427AACDC4006FDF51 /* AppDelegate.swift */,
				DB12C9F627AACDC4006FDF51 /* SceneDelegate.swift */,
				DB12CA0C27AACE07006FDF51 /* Model */,
				DB12CA0827AACDD6006FDF51 /* Controller */,
				DB12CA0927AACDE3006FDF51 /* View */,
				DB12C9FD27AACDC7006FDF51 /* Assets.xcassets */,
				DB12C9FF27AACDC7006FDF51 /* LaunchScreen.storyboard */,
				DB12CA0227AACDC7006FDF51 /* Info.plist */,
			);
			path = "BTC Tracker";
			sourceTree = "<group>";
		};
		DB12CA0827AACDD6006FDF51 /* Controller */ = {
			isa = PBXGroup;
			children = (
				DB12C9F827AACDC4006FDF51 /* ViewController.swift */,
			);
			path = Controller;
			sourceTree = "<group>";
		};
		DB12CA0927AACDE3006FDF51 /* View */ = {
			isa = PBXGroup;
			children = (
				DB12C9FA27AACDC4006FDF51 /* Main.storyboard */,
			);
			path = View;
			sourceTree = "<group>";
		};
		DB12CA0C27AACE07006FDF51 /* Model */ = {
			isa = PBXGroup;
			children = (
				DB12CA0A27AACE02006FDF51 /* CoinManager.swift */,
				DB12CA0D27AACE19006FDF51 /* CoinData.swift */,
			);
			path = Model;
			sourceTree = "<group>";
		};
/* End PBXGroup section */

/* Begin PBXNativeTarget section */
		DB12C9F027AACDC4006FDF51 /* BTC Tracker */ = {
			isa = PBXNativeTarget;
			buildConfigurationList = DB12CA0527AACDC7006FDF51 /* Build configuration list for PBXNativeTarget "BTC Tracker" */;
			buildPhases = (
				DB12C9ED27AACDC4006FDF51 /* Sources */,
				DB12C9EE27AACDC4006FDF51 /* Frameworks */,
				DB12C9EF27AACDC4006FDF51 /* Resources */,
			);
			buildRules = (
			);
			dependencies = (
			);
			name = "BTC Tracker";
			productName = "BTC Tracker";
			productReference = DB12C9F127AACDC4006FDF51 /* BTC Tracker.app */;
			productType = "com.apple.product-type.application";
		};
/* End PBXNativeTarget section */

/* Begin PBXProject section */
		DB12C9E927AACDC4006FDF51 /* Project object */ = {
			isa = PBXProject;
			attributes = {
				BuildIndependentTargetsInParallel = 1;
				LastSwiftUpdateCheck = 1310;
				LastUpgradeCheck = 1310;
				TargetAttributes = {
					DB12C9F027AACDC4006FDF51 = {
						CreatedOnToolsVersion = 13.1;
					};
				};
			};
			buildConfigurationList = DB12C9EC27AACDC4006FDF51 /* Build configuration list for PBXProject "BTC Tracker" */;
			compatibilityVersion = "Xcode 13.0";
			developmentRegion = en;
			hasScannedForEncodings = 0;
			knownRegions = (
				en,
				Base,
			);
			mainGroup = DB12C9E827AACDC4006FDF51;
			productRefGroup = DB12C9F227AACDC4006FDF51 /* Products */;
			projectDirPath = "";
			projectRoot = "";
			targets = (
				DB12C9F027AACDC4006FDF51 /* BTC Tracker */,
			);
		};
/* End PBXProject section */

/* Begin PBXResourcesBuildPhase section */
		DB12C9EF27AACDC4006FDF51 /* Resources */ = {
			isa = PBXResourcesBuildPhase;
			buildActionMask = 2147483647;
			files = (
				DB12CA0127AACDC7006FDF51 /* LaunchScreen.storyboard in Resources */,
				DB12C9FE27AACDC7006FDF51 /* Assets.xcassets in Resources */,
				DB12C9FC27AACDC4006FDF51 /* Main.storyboard in Resources */,
			);
			runOnlyForDeploymentPostprocessing = 0;
		};
/* End PBXResourcesBuildPhase section */

/* Begin PBXSourcesBuildPhase section */
		DB12C9ED27AACDC4006FDF51 /* Sources */ = {
			isa = PBXSourcesBuildPhase;
			buildActionMask = 2147483647;
			files = (
				DB12CA0B27AACE02006FDF51 /* CoinManager.swift in Sources */,
				DB12C9F927AACDC4006FDF51 /* ViewController.swift in Sources */,
				DB12CA0E27AACE19006FDF51 /* CoinData.swift in Sources */,
				DB12C9F527AACDC4006FDF51 /* AppDelegate.swift in Sources */,
				DB12C9F727AACDC4006FDF51 /* SceneDelegate.swift in Sources */,
			);
			runOnlyForDeploymentPostprocessing = 0;
		};
/* End PBXSourcesBuildPhase section */

/* Begin PBXVariantGroup section */
		DB12C9FA27AACDC4006FDF51 /* Main.storyboard */ = {
			isa = PBXVariantGroup;
			children = (
				DB12C9FB27AACDC4006FDF51 /* Base */,
			);
			name = Main.storyboard;
			sourceTree = "<group>";
		};
		DB12C9FF27AACDC7006FDF51 /* LaunchScreen.storyboard */ = {
			isa = PBXVariantGroup;
			children = (
				DB12CA0027AACDC7006FDF51 /* Base */,
			);
			name = LaunchScreen.storyboard;
			sourceTree = "<group>";
		};
/* End PBXVariantGroup section */

/* Begin XCBuildConfiguration section */
		DB12CA0327AACDC7006FDF51 /* Debug */ = {
			isa = XCBuildConfiguration;
			buildSettings = {
				ALWAYS_SEARCH_USER_PATHS = NO;
				CLANG_ANALYZER_NONNULL = YES;
				CLANG_ANALYZER_NUMBER_OBJECT_CONVERSION = YES_AGGRESSIVE;
				CLANG_CXX_LANGUAGE_STANDARD = "gnu++17";
				CLANG_CXX_LIBRARY = "libc++";
				CLANG_ENABLE_MODULES = YES;
				CLANG_ENABLE_OBJC_ARC = YES;
				CLANG_ENABLE_OBJC_WEAK = YES;
				CLANG_WARN_BLOCK_CAPTURE_AUTORELEASING = YES;
				CLANG_WARN_BOOL_CONVERSION = YES;
				CLANG_WARN_COMMA = YES;
				CLANG_WARN_CONSTANT_CONVERSION = YES;
				CLANG_WARN_DEPRECATED_OBJC_IMPLEMENTATIONS = YES;
				CLANG_WARN_DIRECT_OBJC_ISA_USAGE = YES_ERROR;
				CLANG_WARN_DOCUMENTATION_COMMENTS = YES;
				CLANG_WARN_EMPTY_BODY = YES;
				CLANG_WARN_ENUM_CONVERSION = YES;
				CLANG_WARN_INFINITE_RECURSION = YES;
				CLANG_WARN_INT_CONVERSION = YES;
				CLANG_WARN_NON_LITERAL_NULL_CONVERSION = YES;
				CLANG_WARN_OBJC_IMPLICIT_RETAIN_SELF = YES;
				CLANG_WARN_OBJC_LITERAL_CONVERSION = YES;
				CLANG_WARN_OBJC_ROOT_CLASS = YES_ERROR;
				CLANG_WARN_QUOTED_INCLUDE_IN_FRAMEWORK_HEADER = YES;
				CLANG_WARN_RANGE_LOOP_ANALYSIS = YES;
				CLANG_WARN_STRICT_PROTOTYPES = YES;
				CLANG_WARN_SUSPICIOUS_MOVE = YES;
				CLANG_WARN_UNGUARDED_AVAILABILITY = YES_AGGRESSIVE;
				CLANG_WARN_UNREACHABLE_CODE = YES;
				CLANG_WARN__DUPLICATE_METHOD_MATCH = YES;
				COPY_PHASE_STRIP = NO;
				DEBUG_INFORMATION_FORMAT = dwarf;
				ENABLE_STRICT_OBJC_MSGSEND = YES;
				ENABLE_TESTABILITY = YES;
				GCC_C_LANGUAGE_STANDARD = gnu11;
				GCC_DYNAMIC_NO_PIC = NO;
				GCC_NO_COMMON_BLOCKS = YES;
				GCC_OPTIMIZATION_LEVEL = 0;
				GCC_PREPROCESSOR_DEFINITIONS = (
					"DEBUG=1",
					"$(inherited)",
				);
				GCC_WARN_64_TO_32_BIT_CONVERSION = YES;
				GCC_WARN_ABOUT_RETURN_TYPE = YES_ERROR;
				GCC_WARN_UNDECLARED_SELECTOR = YES;
				GCC_WARN_UNINITIALIZED_AUTOS = YES_AGGRESSIVE;
				GCC_WARN_UNUSED_FUNCTION = YES;
				GCC_WARN_UNUSED_VARIABLE = YES;
				IPHONEOS_DEPLOYMENT_TARGET = 15.0;
				MTL_ENABLE_DEBUG_INFO = INCLUDE_SOURCE;
				MTL_FAST_MATH = YES;
				ONLY_ACTIVE_ARCH = YES;
				SDKROOT = iphoneos;
				SWIFT_ACTIVE_COMPILATION_CONDITIONS = DEBUG;
				SWIFT_OPTIMIZATION_LEVEL = "-Onone";
			};
			name = Debug;
		};
		DB12CA0427AACDC7006FDF51 /* Release */ = {
			isa = XCBuildConfiguration;
			buildSettings = {
				ALWAYS_SEARCH_USER_PATHS = NO;
				CLANG_ANALYZER_NONNULL = YES;
				CLANG_ANALYZER_NUMBER_OBJECT_CONVERSION = YES_AGGRESSIVE;
				CLANG_CXX_LANGUAGE_STANDARD = "gnu++17";
				CLANG_CXX_LIBRARY = "libc++";
				CLANG_ENABLE_MODULES = YES;
				CLANG_ENABLE_OBJC_ARC = YES;
				CLANG_ENABLE_OBJC_WEAK = YES;
				CLANG_WARN_BLOCK_CAPTURE_AUTORELEASING = YES;
				CLANG_WARN_BOOL_CONVERSION = YES;
				CLANG_WARN_COMMA = YES;
				CLANG_WARN_CONSTANT_CONVERSION = YES;
				CLANG_WARN_DEPRECATED_OBJC_IMPLEMENTATIONS = YES;
				CLANG_WARN_DIRECT_OBJC_ISA_USAGE = YES_ERROR;
				CLANG_WARN_DOCUMENTATION_COMMENTS = YES;
				CLANG_WARN_EMPTY_BODY = YES;
				CLANG_WARN_ENUM_CONVERSION = YES;
				CLANG_WARN_INFINITE_RECURSION = YES;
				CLANG_WARN_INT_CONVERSION = YES;
				CLANG_WARN_NON_LITERAL_NULL_CONVERSION = YES;
				CLANG_WARN_OBJC_IMPLICIT_RETAIN_SELF = YES;
				CLANG_WARN_OBJC_LITERAL_CONVERSION = YES;
				CLANG_WARN_OBJC_ROOT_CLASS = YES_ERROR;
				CLANG_WARN_QUOTED_INCLUDE_IN_FRAMEWORK_HEADER = YES;
				CLANG_WARN_RANGE_LOOP_ANALYSIS = YES;
				CLANG_WARN_STRICT_PROTOTYPES = YES;
				CLANG_WARN_SUSPICIOUS_MOVE = YES;
				CLANG_WARN_UNGUARDED_AVAILABILITY = YES_AGGRESSIVE;
				CLANG_WARN_UNREACHABLE_CODE = YES;
				CLANG_WARN__DUPLICATE_METHOD_MATCH = YES;
				COPY_PHASE_STRIP = NO;
				DEBUG_INFORMATION_FORMAT = "dwarf-with-dsym";
				ENABLE_NS_ASSERTIONS = NO;
				ENABLE_STRICT_OBJC_MSGSEND = YES;
				GCC_C_LANGUAGE_STANDARD = gnu11;
				GCC_NO_COMMON_BLOCKS = YES;
				GCC_WARN_64_TO_32_BIT_CONVERSION = YES;
				GCC_WARN_ABOUT_RETURN_TYPE = YES_ERROR;
				GCC_WARN_UNDECLARED_SELECTOR = YES;
				GCC_WARN_UNINITIALIZED_AUTOS = YES_AGGRESSIVE;
				GCC_WARN_UNUSED_FUNCTION = YES;
				GCC_WARN_UNUSED_VARIABLE = YES;
				IPHONEOS_DEPLOYMENT_TARGET = 15.0;
				MTL_ENABLE_DEBUG_INFO = NO;
				MTL_FAST_MATH = YES;
				SDKROOT = iphoneos;
				SWIFT_COMPILATION_MODE = wholemodule;
				SWIFT_OPTIMIZATION_LEVEL = "-O";
				VALIDATE_PRODUCT = YES;
			};
			name = Release;
		};
		DB12CA0627AACDC7006FDF51 /* Debug */ = {
			isa = XCBuildConfiguration;
			buildSettings = {
				ASSETCATALOG_COMPILER_APPICON_NAME = AppIcon;
				ASSETCATALOG_COMPILER_GLOBAL_ACCENT_COLOR_NAME = AccentColor;
				CODE_SIGN_STYLE = Automatic;
				CURRENT_PROJECT_VERSION = 1;
				DEVELOPMENT_TEAM = MQ9BF9BUP2;
				GENERATE_INFOPLIST_FILE = YES;
				INFOPLIST_FILE = "BTC Tracker/Info.plist";
				INFOPLIST_KEY_UIApplicationSupportsIndirectInputEvents = YES;
				INFOPLIST_KEY_UILaunchStoryboardName = LaunchScreen;
				INFOPLIST_KEY_UIMainStoryboardFile = Main;
				INFOPLIST_KEY_UISupportedInterfaceOrientations_iPad = "UIInterfaceOrientationPortrait UIInterfaceOrientationPortraitUpsideDown UIInterfaceOrientationLandscapeLeft UIInterfaceOrientationLandscapeRight";
				INFOPLIST_KEY_UISupportedInterfaceOrientations_iPhone = "UIInterfaceOrientationPortrait UIInterfaceOrientationLandscapeLeft UIInterfaceOrientationLandscapeRight";
				LD_RUNPATH_SEARCH_PATHS = (
					"$(inherited)",
					"@executable_path/Frameworks",
				);
				MARKETING_VERSION = 1.0;
				PRODUCT_BUNDLE_IDENTIFIER = "com.izombieprod.BTC-Tracker";
				PRODUCT_NAME = "$(TARGET_NAME)";
				SWIFT_EMIT_LOC_STRINGS = YES;
				SWIFT_VERSION = 5.0;
				TARGETED_DEVICE_FAMILY = "1,2";
			};
			name = Debug;
		};
		DB12CA0727AACDC7006FDF51 /* Release */ = {
			isa = XCBuildConfiguration;
			buildSettings = {
				ASSETCATALOG_COMPILER_APPICON_NAME = AppIcon;
				ASSETCATALOG_COMPILER_GLOBAL_ACCENT_COLOR_NAME = AccentColor;
				CODE_SIGN_STYLE = Automatic;
				CURRENT_PROJECT_VERSION = 1;
				DEVELOPMENT_TEAM = MQ9BF9BUP2;
				GENERATE_INFOPLIST_FILE = YES;
				INFOPLIST_FILE = "BTC Tracker/Info.plist";
				INFOPLIST_KEY_UIApplicationSupportsIndirectInputEvents = YES;
				INFOPLIST_KEY_UILaunchStoryboardName = LaunchScreen;
				INFOPLIST_KEY_UIMainStoryboardFile = Main;
				INFOPLIST_KEY_UISupportedInterfaceOrientations_iPad = "UIInterfaceOrientationPortrait UIInterfaceOrientationPortraitUpsideDown UIInterfaceOrientationLandscapeLeft UIInterfaceOrientationLandscapeRight";
				INFOPLIST_KEY_UISupportedInterfaceOrientations_iPhone = "UIInterfaceOrientationPortrait UIInterfaceOrientationLandscapeLeft UIInterfaceOrientationLandscapeRight";
				LD_RUNPATH_SEARCH_PATHS = (
					"$(inherited)",
					"@executable_path/Frameworks",
				);
				MARKETING_VERSION = 1.0;
				PRODUCT_BUNDLE_IDENTIFIER = "com.izombieprod.BTC-Tracker";
				PRODUCT_NAME = "$(TARGET_NAME)";
				SWIFT_EMIT_LOC_STRINGS = YES;
				SWIFT_VERSION = 5.0;
				TARGETED_DEVICE_FAMILY = "1,2";
			};
			name = Release;
		};
/* End XCBuildConfiguration section */

/* Begin XCConfigurationList section */
		DB12C9EC27AACDC4006FDF51 /* Build configuration list for PBXProject "BTC Tracker" */ = {
			isa = XCConfigurationList;
			buildConfigurations = (
				DB12CA0327AACDC7006FDF51 /* Debug */,
				DB12CA0427AACDC7006FDF51 /* Release */,
			);
			defaultConfigurationIsVisible = 0;
			defaultConfigurationName = Release;
		};
		DB12CA0527AACDC7006FDF51 /* Build configuration list for PBXNativeTarget "BTC Tracker" */ = {
			isa = XCConfigurationList;
			buildConfigurations = (
				DB12CA0627AACDC7006FDF51 /* Debug */,
				DB12CA0727AACDC7006FDF51 /* Release */,
			);
			defaultConfigurationIsVisible = 0;
			defaultConfigurationName = Release;
		};
/* End XCConfigurationList section */
	};
	rootObject = DB12C9E927AACDC4006FDF51 /* Project object */;
}
